// !$*UTF8*$!
{
	archiveVersion = 1;
	classes = {
	};
	objectVersion = 55;
	objects = {

/* Begin PBXBuildFile section */
		82223CCE2889516C00F5B726 /* Planet.swift in Sources */ = {isa = PBXBuildFile; fileRef = 82223CCD2889516C00F5B726 /* Planet.swift */; };
		8248DBE32889165E00DE1613 /* AppDelegate.swift in Sources */ = {isa = PBXBuildFile; fileRef = 8248DBE22889165E00DE1613 /* AppDelegate.swift */; };
		8248DBE52889165E00DE1613 /* SceneDelegate.swift in Sources */ = {isa = PBXBuildFile; fileRef = 8248DBE42889165E00DE1613 /* SceneDelegate.swift */; };
		8248DBE72889165E00DE1613 /* CharactersVC.swift in Sources */ = {isa = PBXBuildFile; fileRef = 8248DBE62889165E00DE1613 /* CharactersVC.swift */; };
		8248DBEA2889165E00DE1613 /* Main.storyboard in Resources */ = {isa = PBXBuildFile; fileRef = 8248DBE82889165E00DE1613 /* Main.storyboard */; };
		8248DBEC2889166000DE1613 /* Assets.xcassets in Resources */ = {isa = PBXBuildFile; fileRef = 8248DBEB2889166000DE1613 /* Assets.xcassets */; };
		8248DBEF2889166000DE1613 /* LaunchScreen.storyboard in Resources */ = {isa = PBXBuildFile; fileRef = 8248DBED2889166000DE1613 /* LaunchScreen.storyboard */; };
		8248DBFA288920A300DE1613 /* Character.swift in Sources */ = {isa = PBXBuildFile; fileRef = 8248DBF9288920A300DE1613 /* Character.swift */; };
		8248DBFD2889228C00DE1613 /* CharacterCell.swift in Sources */ = {isa = PBXBuildFile; fileRef = 8248DBFC2889228C00DE1613 /* CharacterCell.swift */; };
		8248DBFF28892B8600DE1613 /* CharacterVC.swift in Sources */ = {isa = PBXBuildFile; fileRef = 8248DBFE28892B8600DE1613 /* CharacterVC.swift */; };
		8248DC01288932F000DE1613 /* PlanetVC.swift in Sources */ = {isa = PBXBuildFile; fileRef = 8248DC00288932F000DE1613 /* PlanetVC.swift */; };
		8248DC032889369B00DE1613 /* CharactersResponse.swift in Sources */ = {isa = PBXBuildFile; fileRef = 8248DC022889369B00DE1613 /* CharactersResponse.swift */; };
		8248DC052889398D00DE1613 /* NetworkService.swift in Sources */ = {isa = PBXBuildFile; fileRef = 8248DC042889398D00DE1613 /* NetworkService.swift */; };
/* End PBXBuildFile section */

/* Begin PBXFileReference section */
		82223CCD2889516C00F5B726 /* Planet.swift */ = {isa = PBXFileReference; lastKnownFileType = sourcecode.swift; path = Planet.swift; sourceTree = "<group>"; };
		8248DBDF2889165E00DE1613 /* star wars api.app */ = {isa = PBXFileReference; explicitFileType = wrapper.application; includeInIndex = 0; path = "star wars api.app"; sourceTree = BUILT_PRODUCTS_DIR; };
		8248DBE22889165E00DE1613 /* AppDelegate.swift */ = {isa = PBXFileReference; lastKnownFileType = sourcecode.swift; path = AppDelegate.swift; sourceTree = "<group>"; };
		8248DBE42889165E00DE1613 /* SceneDelegate.swift */ = {isa = PBXFileReference; lastKnownFileType = sourcecode.swift; path = SceneDelegate.swift; sourceTree = "<group>"; };
		8248DBE62889165E00DE1613 /* CharactersVC.swift */ = {isa = PBXFileReference; lastKnownFileType = sourcecode.swift; path = CharactersVC.swift; sourceTree = "<group>"; };
		8248DBE92889165E00DE1613 /* Base */ = {isa = PBXFileReference; lastKnownFileType = file.storyboard; name = Base; path = Base.lproj/Main.storyboard; sourceTree = "<group>"; };
		8248DBEB2889166000DE1613 /* Assets.xcassets */ = {isa = PBXFileReference; lastKnownFileType = folder.assetcatalog; path = Assets.xcassets; sourceTree = "<group>"; };
		8248DBEE2889166000DE1613 /* Base */ = {isa = PBXFileReference; lastKnownFileType = file.storyboard; name = Base; path = Base.lproj/LaunchScreen.storyboard; sourceTree = "<group>"; };
		8248DBF02889166000DE1613 /* Info.plist */ = {isa = PBXFileReference; lastKnownFileType = text.plist.xml; path = Info.plist; sourceTree = "<group>"; };
		8248DBF9288920A300DE1613 /* Character.swift */ = {isa = PBXFileReference; lastKnownFileType = sourcecode.swift; path = Character.swift; sourceTree = "<group>"; };
		8248DBFC2889228C00DE1613 /* CharacterCell.swift */ = {isa = PBXFileReference; lastKnownFileType = sourcecode.swift; path = CharacterCell.swift; sourceTree = "<group>"; };
		8248DBFE28892B8600DE1613 /* CharacterVC.swift */ = {isa = PBXFileReference; lastKnownFileType = sourcecode.swift; path = CharacterVC.swift; sourceTree = "<group>"; };
		8248DC00288932F000DE1613 /* PlanetVC.swift */ = {isa = PBXFileReference; lastKnownFileType = sourcecode.swift; path = PlanetVC.swift; sourceTree = "<group>"; };
		8248DC022889369B00DE1613 /* CharactersResponse.swift */ = {isa = PBXFileReference; lastKnownFileType = sourcecode.swift; path = CharactersResponse.swift; sourceTree = "<group>"; };
		8248DC042889398D00DE1613 /* NetworkService.swift */ = {isa = PBXFileReference; lastKnownFileType = sourcecode.swift; path = NetworkService.swift; sourceTree = "<group>"; };
/* End PBXFileReference section */

/* Begin PBXFrameworksBuildPhase section */
		8248DBDC2889165E00DE1613 /* Frameworks */ = {
			isa = PBXFrameworksBuildPhase;
			buildActionMask = 2147483647;
			files = (
			);
			runOnlyForDeploymentPostprocessing = 0;
		};
/* End PBXFrameworksBuildPhase section */

/* Begin PBXGroup section */
		8248DBD62889165E00DE1613 = {
			isa = PBXGroup;
			children = (
				8248DBE12889165E00DE1613 /* star wars api */,
				8248DBE02889165E00DE1613 /* Products */,
			);
			sourceTree = "<group>";
		};
		8248DBE02889165E00DE1613 /* Products */ = {
			isa = PBXGroup;
			children = (
				8248DBDF2889165E00DE1613 /* star wars api.app */,
			);
			name = Products;
			sourceTree = "<group>";
		};
		8248DBE12889165E00DE1613 /* star wars api */ = {
			isa = PBXGroup;
			children = (
				8248DBFB2889227700DE1613 /* View */,
				8248DBF82889208000DE1613 /* Model */,
				8248DBF7288919C300DE1613 /* Controller */,
				8248DBF6288916FA00DE1613 /* Services */,
				8248DBE22889165E00DE1613 /* AppDelegate.swift */,
				8248DBE42889165E00DE1613 /* SceneDelegate.swift */,
				8248DBE82889165E00DE1613 /* Main.storyboard */,
				8248DBEB2889166000DE1613 /* Assets.xcassets */,
				8248DBED2889166000DE1613 /* LaunchScreen.storyboard */,
				8248DBF02889166000DE1613 /* Info.plist */,
			);
			path = "star wars api";
			sourceTree = "<group>";
		};
		8248DBF6288916FA00DE1613 /* Services */ = {
			isa = PBXGroup;
			children = (
				8248DC042889398D00DE1613 /* NetworkService.swift */,
			);
			path = Services;
			sourceTree = "<group>";
		};
		8248DBF7288919C300DE1613 /* Controller */ = {
			isa = PBXGroup;
			children = (
				8248DBE62889165E00DE1613 /* CharactersVC.swift */,
				8248DBFE28892B8600DE1613 /* CharacterVC.swift */,
				8248DC00288932F000DE1613 /* PlanetVC.swift */,
			);
			path = Controller;
			sourceTree = "<group>";
		};
		8248DBF82889208000DE1613 /* Model */ = {
			isa = PBXGroup;
			children = (
				8248DBF9288920A300DE1613 /* Character.swift */,
				8248DC022889369B00DE1613 /* CharactersResponse.swift */,
				82223CCD2889516C00F5B726 /* Planet.swift */,
			);
			path = Model;
			sourceTree = "<group>";
		};
		8248DBFB2889227700DE1613 /* View */ = {
			isa = PBXGroup;
			children = (
				8248DBFC2889228C00DE1613 /* CharacterCell.swift */,
			);
			path = View;
			sourceTree = "<group>";
		};
/* End PBXGroup section */

/* Begin PBXNativeTarget section */
		8248DBDE2889165E00DE1613 /* star wars api */ = {
			isa = PBXNativeTarget;
			buildConfigurationList = 8248DBF32889166000DE1613 /* Build configuration list for PBXNativeTarget "star wars api" */;
			buildPhases = (
				8248DBDB2889165E00DE1613 /* Sources */,
				8248DBDC2889165E00DE1613 /* Frameworks */,
				8248DBDD2889165E00DE1613 /* Resources */,
			);
			buildRules = (
			);
			dependencies = (
			);
			name = "star wars api";
			productName = "star wars api";
			productReference = 8248DBDF2889165E00DE1613 /* star wars api.app */;
			productType = "com.apple.product-type.application";
		};
/* End PBXNativeTarget section */

/* Begin PBXProject section */
		8248DBD72889165E00DE1613 /* Project object */ = {
			isa = PBXProject;
			attributes = {
				BuildIndependentTargetsInParallel = 1;
				LastSwiftUpdateCheck = 1320;
				LastUpgradeCheck = 1320;
				TargetAttributes = {
					8248DBDE2889165E00DE1613 = {
						CreatedOnToolsVersion = 13.2.1;
					};
				};
			};
			buildConfigurationList = 8248DBDA2889165E00DE1613 /* Build configuration list for PBXProject "star wars api" */;
			compatibilityVersion = "Xcode 13.0";
			developmentRegion = en;
			hasScannedForEncodings = 0;
			knownRegions = (
				en,
				Base,
			);
			mainGroup = 8248DBD62889165E00DE1613;
			productRefGroup = 8248DBE02889165E00DE1613 /* Products */;
			projectDirPath = "";
			projectRoot = "";
			targets = (
				8248DBDE2889165E00DE1613 /* star wars api */,
			);
		};
/* End PBXProject section */

/* Begin PBXResourcesBuildPhase section */
		8248DBDD2889165E00DE1613 /* Resources */ = {
			isa = PBXResourcesBuildPhase;
			buildActionMask = 2147483647;
			files = (
				8248DBEF2889166000DE1613 /* LaunchScreen.storyboard in Resources */,
				8248DBEC2889166000DE1613 /* Assets.xcassets in Resources */,
				8248DBEA2889165E00DE1613 /* Main.storyboard in Resources */,
			);
			runOnlyForDeploymentPostprocessing = 0;
		};
/* End PBXResourcesBuildPhase section */

/* Begin PBXSourcesBuildPhase section */
		8248DBDB2889165E00DE1613 /* Sources */ = {
			isa = PBXSourcesBuildPhase;
			buildActionMask = 2147483647;
			files = (
				8248DBE72889165E00DE1613 /* CharactersVC.swift in Sources */,
				8248DBE32889165E00DE1613 /* AppDelegate.swift in Sources */,
				8248DC032889369B00DE1613 /* CharactersResponse.swift in Sources */,
				8248DBE52889165E00DE1613 /* SceneDelegate.swift in Sources */,
				8248DC052889398D00DE1613 /* NetworkService.swift in Sources */,
				8248DBFA288920A300DE1613 /* Character.swift in Sources */,
				8248DBFF28892B8600DE1613 /* CharacterVC.swift in Sources */,
				8248DBFD2889228C00DE1613 /* CharacterCell.swift in Sources */,
				8248DC01288932F000DE1613 /* PlanetVC.swift in Sources */,
				82223CCE2889516C00F5B726 /* Planet.swift in Sources */,
			);
			runOnlyForDeploymentPostprocessing = 0;
		};
/* End PBXSourcesBuildPhase section */

/* Begin PBXVariantGroup section */
		8248DBE82889165E00DE1613 /* Main.storyboard */ = {
			isa = PBXVariantGroup;
			children = (
				8248DBE92889165E00DE1613 /* Base */,
			);
			name = Main.storyboard;
			sourceTree = "<group>";
		};
		8248DBED2889166000DE1613 /* LaunchScreen.storyboard */ = {
			isa = PBXVariantGroup;
			children = (
				8248DBEE2889166000DE1613 /* Base */,
			);
			name = LaunchScreen.storyboard;
			sourceTree = "<group>";
		};
/* End PBXVariantGroup section */

/* Begin XCBuildConfiguration section */
		8248DBF12889166000DE1613 /* Debug */ = {
			isa = XCBuildConfiguration;
			buildSettings = {
				ALWAYS_SEARCH_USER_PATHS = NO;
				CLANG_ANALYZER_NONNULL = YES;
				CLANG_ANALYZER_NUMBER_OBJECT_CONVERSION = YES_AGGRESSIVE;
				CLANG_CXX_LANGUAGE_STANDARD = "gnu++17";
				CLANG_CXX_LIBRARY = "libc++";
				CLANG_ENABLE_MODULES = YES;
				CLANG_ENABLE_OBJC_ARC = YES;
				CLANG_ENABLE_OBJC_WEAK = YES;
				CLANG_WARN_BLOCK_CAPTURE_AUTORELEASING = YES;
				CLANG_WARN_BOOL_CONVERSION = YES;
				CLANG_WARN_COMMA = YES;
				CLANG_WARN_CONSTANT_CONVERSION = YES;
				CLANG_WARN_DEPRECATED_OBJC_IMPLEMENTATIONS = YES;
				CLANG_WARN_DIRECT_OBJC_ISA_USAGE = YES_ERROR;
				CLANG_WARN_DOCUMENTATION_COMMENTS = YES;
				CLANG_WARN_EMPTY_BODY = YES;
				CLANG_WARN_ENUM_CONVERSION = YES;
				CLANG_WARN_INFINITE_RECURSION = YES;
				CLANG_WARN_INT_CONVERSION = YES;
				CLANG_WARN_NON_LITERAL_NULL_CONVERSION = YES;
				CLANG_WARN_OBJC_IMPLICIT_RETAIN_SELF = YES;
				CLANG_WARN_OBJC_LITERAL_CONVERSION = YES;
				CLANG_WARN_OBJC_ROOT_CLASS = YES_ERROR;
				CLANG_WARN_QUOTED_INCLUDE_IN_FRAMEWORK_HEADER = YES;
				CLANG_WARN_RANGE_LOOP_ANALYSIS = YES;
				CLANG_WARN_STRICT_PROTOTYPES = YES;
				CLANG_WARN_SUSPICIOUS_MOVE = YES;
				CLANG_WARN_UNGUARDED_AVAILABILITY = YES_AGGRESSIVE;
				CLANG_WARN_UNREACHABLE_CODE = YES;
				CLANG_WARN__DUPLICATE_METHOD_MATCH = YES;
				COPY_PHASE_STRIP = NO;
				DEBUG_INFORMATION_FORMAT = dwarf;
				ENABLE_STRICT_OBJC_MSGSEND = YES;
				ENABLE_TESTABILITY = YES;
				GCC_C_LANGUAGE_STANDARD = gnu11;
				GCC_DYNAMIC_NO_PIC = NO;
				GCC_NO_COMMON_BLOCKS = YES;
				GCC_OPTIMIZATION_LEVEL = 0;
				GCC_PREPROCESSOR_DEFINITIONS = (
					"DEBUG=1",
					"$(inherited)",
				);
				GCC_WARN_64_TO_32_BIT_CONVERSION = YES;
				GCC_WARN_ABOUT_RETURN_TYPE = YES_ERROR;
				GCC_WARN_UNDECLARED_SELECTOR = YES;
				GCC_WARN_UNINITIALIZED_AUTOS = YES_AGGRESSIVE;
				GCC_WARN_UNUSED_FUNCTION = YES;
				GCC_WARN_UNUSED_VARIABLE = YES;
				IPHONEOS_DEPLOYMENT_TARGET = 15.2;
				MTL_ENABLE_DEBUG_INFO = INCLUDE_SOURCE;
				MTL_FAST_MATH = YES;
				ONLY_ACTIVE_ARCH = YES;
				SDKROOT = iphoneos;
				SWIFT_ACTIVE_COMPILATION_CONDITIONS = DEBUG;
				SWIFT_OPTIMIZATION_LEVEL = "-Onone";
			};
			name = Debug;
		};
		8248DBF22889166000DE1613 /* Release */ = {
			isa = XCBuildConfiguration;
			buildSettings = {
				ALWAYS_SEARCH_USER_PATHS = NO;
				CLANG_ANALYZER_NONNULL = YES;
				CLANG_ANALYZER_NUMBER_OBJECT_CONVERSION = YES_AGGRESSIVE;
				CLANG_CXX_LANGUAGE_STANDARD = "gnu++17";
				CLANG_CXX_LIBRARY = "libc++";
				CLANG_ENABLE_MODULES = YES;
				CLANG_ENABLE_OBJC_ARC = YES;
				CLANG_ENABLE_OBJC_WEAK = YES;
				CLANG_WARN_BLOCK_CAPTURE_AUTORELEASING = YES;
				CLANG_WARN_BOOL_CONVERSION = YES;
				CLANG_WARN_COMMA = YES;
				CLANG_WARN_CONSTANT_CONVERSION = YES;
				CLANG_WARN_DEPRECATED_OBJC_IMPLEMENTATIONS = YES;
				CLANG_WARN_DIRECT_OBJC_ISA_USAGE = YES_ERROR;
				CLANG_WARN_DOCUMENTATION_COMMENTS = YES;
				CLANG_WARN_EMPTY_BODY = YES;
				CLANG_WARN_ENUM_CONVERSION = YES;
				CLANG_WARN_INFINITE_RECURSION = YES;
				CLANG_WARN_INT_CONVERSION = YES;
				CLANG_WARN_NON_LITERAL_NULL_CONVERSION = YES;
				CLANG_WARN_OBJC_IMPLICIT_RETAIN_SELF = YES;
				CLANG_WARN_OBJC_LITERAL_CONVERSION = YES;
				CLANG_WARN_OBJC_ROOT_CLASS = YES_ERROR;
				CLANG_WARN_QUOTED_INCLUDE_IN_FRAMEWORK_HEADER = YES;
				CLANG_WARN_RANGE_LOOP_ANALYSIS = YES;
				CLANG_WARN_STRICT_PROTOTYPES = YES;
				CLANG_WARN_SUSPICIOUS_MOVE = YES;
				CLANG_WARN_UNGUARDED_AVAILABILITY = YES_AGGRESSIVE;
				CLANG_WARN_UNREACHABLE_CODE = YES;
				CLANG_WARN__DUPLICATE_METHOD_MATCH = YES;
				COPY_PHASE_STRIP = NO;
				DEBUG_INFORMATION_FORMAT = "dwarf-with-dsym";
				ENABLE_NS_ASSERTIONS = NO;
				ENABLE_STRICT_OBJC_MSGSEND = YES;
				GCC_C_LANGUAGE_STANDARD = gnu11;
				GCC_NO_COMMON_BLOCKS = YES;
				GCC_WARN_64_TO_32_BIT_CONVERSION = YES;
				GCC_WARN_ABOUT_RETURN_TYPE = YES_ERROR;
				GCC_WARN_UNDECLARED_SELECTOR = YES;
				GCC_WARN_UNINITIALIZED_AUTOS = YES_AGGRESSIVE;
				GCC_WARN_UNUSED_FUNCTION = YES;
				GCC_WARN_UNUSED_VARIABLE = YES;
				IPHONEOS_DEPLOYMENT_TARGET = 15.2;
				MTL_ENABLE_DEBUG_INFO = NO;
				MTL_FAST_MATH = YES;
				SDKROOT = iphoneos;
				SWIFT_COMPILATION_MODE = wholemodule;
				SWIFT_OPTIMIZATION_LEVEL = "-O";
				VALIDATE_PRODUCT = YES;
			};
			name = Release;
		};
		8248DBF42889166000DE1613 /* Debug */ = {
			isa = XCBuildConfiguration;
			buildSettings = {
				ASSETCATALOG_COMPILER_APPICON_NAME = AppIcon;
				ASSETCATALOG_COMPILER_GLOBAL_ACCENT_COLOR_NAME = AccentColor;
				CODE_SIGN_STYLE = Automatic;
				CURRENT_PROJECT_VERSION = 1;
				GENERATE_INFOPLIST_FILE = YES;
				INFOPLIST_FILE = "star wars api/Info.plist";
				INFOPLIST_KEY_UIApplicationSupportsIndirectInputEvents = YES;
				INFOPLIST_KEY_UILaunchStoryboardName = LaunchScreen;
				INFOPLIST_KEY_UIMainStoryboardFile = Main;
				INFOPLIST_KEY_UISupportedInterfaceOrientations_iPad = "UIInterfaceOrientationPortrait UIInterfaceOrientationPortraitUpsideDown UIInterfaceOrientationLandscapeLeft UIInterfaceOrientationLandscapeRight";
				INFOPLIST_KEY_UISupportedInterfaceOrientations_iPhone = "UIInterfaceOrientationPortrait UIInterfaceOrientationLandscapeLeft UIInterfaceOrientationLandscapeRight";
				LD_RUNPATH_SEARCH_PATHS = (
					"$(inherited)",
					"@executable_path/Frameworks",
				);
				MARKETING_VERSION = 1.0;
				PRODUCT_BUNDLE_IDENTIFIER = "capgemini.star-wars-api";
				PRODUCT_NAME = "$(TARGET_NAME)";
				SWIFT_EMIT_LOC_STRINGS = YES;
				SWIFT_VERSION = 5.0;
				TARGETED_DEVICE_FAMILY = "1,2";
			};
			name = Debug;
		};
		8248DBF52889166000DE1613 /* Release */ = {
			isa = XCBuildConfiguration;
			buildSettings = {
				ASSETCATALOG_COMPILER_APPICON_NAME = AppIcon;
				ASSETCATALOG_COMPILER_GLOBAL_ACCENT_COLOR_NAME = AccentColor;
				CODE_SIGN_STYLE = Automatic;
				CURRENT_PROJECT_VERSION = 1;
				GENERATE_INFOPLIST_FILE = YES;
				INFOPLIST_FILE = "star wars api/Info.plist";
				INFOPLIST_KEY_UIApplicationSupportsIndirectInputEvents = YES;
				INFOPLIST_KEY_UILaunchStoryboardName = LaunchScreen;
				INFOPLIST_KEY_UIMainStoryboardFile = Main;
				INFOPLIST_KEY_UISupportedInterfaceOrientations_iPad = "UIInterfaceOrientationPortrait UIInterfaceOrientationPortraitUpsideDown UIInterfaceOrientationLandscapeLeft UIInterfaceOrientationLandscapeRight";
				INFOPLIST_KEY_UISupportedInterfaceOrientations_iPhone = "UIInterfaceOrientationPortrait UIInterfaceOrientationLandscapeLeft UIInterfaceOrientationLandscapeRight";
				LD_RUNPATH_SEARCH_PATHS = (
					"$(inherited)",
					"@executable_path/Frameworks",
				);
				MARKETING_VERSION = 1.0;
				PRODUCT_BUNDLE_IDENTIFIER = "capgemini.star-wars-api";
				PRODUCT_NAME = "$(TARGET_NAME)";
				SWIFT_EMIT_LOC_STRINGS = YES;
				SWIFT_VERSION = 5.0;
				TARGETED_DEVICE_FAMILY = "1,2";
			};
			name = Release;
		};
/* End XCBuildConfiguration section */

/* Begin XCConfigurationList section */
		8248DBDA2889165E00DE1613 /* Build configuration list for PBXProject "star wars api" */ = {
			isa = XCConfigurationList;
			buildConfigurations = (
				8248DBF12889166000DE1613 /* Debug */,
				8248DBF22889166000DE1613 /* Release */,
			);
			defaultConfigurationIsVisible = 0;
			defaultConfigurationName = Release;
		};
		8248DBF32889166000DE1613 /* Build configuration list for PBXNativeTarget "star wars api" */ = {
			isa = XCConfigurationList;
			buildConfigurations = (
				8248DBF42889166000DE1613 /* Debug */,
				8248DBF52889166000DE1613 /* Release */,
			);
			defaultConfigurationIsVisible = 0;
			defaultConfigurationName = Release;
		};
/* End XCConfigurationList section */
	};
	rootObject = 8248DBD72889165E00DE1613 /* Project object */;
}
